
Microsoft Visual Studio Solution File, Format Version 12.00
# Visual Studio Version 16
VisualStudioVersion = 16.0.31112.23
MinimumVisualStudioVersion = 10.0.40219.1
Project("{9A19103F-16F7-4668-BE54-9A1E7A4F7556}") = "Faceberry.WPF", "Faceberry.WPF\Faceberry.WPF.csproj", "{4FC67BF1-E4BD-4667-B7DA-6256428A1DEF}"
EndProject
Project("{FAE04EC0-301F-11D3-BF4B-00C04F79EFBC}") = "Faceberry.Grpc.AI", "Faceberry.Grpc.AI\Faceberry.Grpc.AI.csproj", "{D4DA10C4-78AD-4EB0-A587-FAA53708B144}"
EndProject
Global
	GlobalSection(SolutionConfigurationPlatforms) = preSolution
		Debug|Any CPU = Debug|Any CPU
		Release|Any CPU = Release|Any CPU
	EndGlobalSection
	GlobalSection(ProjectConfigurationPlatforms) = postSolution
		{4FC67BF1-E4BD-4667-B7DA-6256428A1DEF}.Debug|Any CPU.ActiveCfg = Debug|Any CPU
		{4FC67BF1-E4BD-4667-B7DA-6256428A1DEF}.Debug|Any CPU.Build.0 = Debug|Any CPU
		{4FC67BF1-E4BD-4667-B7DA-6256428A1DEF}.Release|Any CPU.ActiveCfg = Release|Any CPU
		{4FC67BF1-E4BD-4667-B7DA-6256428A1DEF}.Release|Any CPU.Build.0 = Release|Any CPU
		{D4DA10C4-78AD-4EB0-A587-FAA53708B144}.Debug|Any CPU.ActiveCfg = Debug|Any CPU
		{D4DA10C4-78AD-4EB0-A587-FAA53708B144}.Debug|Any CPU.Build.0 = Debug|Any CPU
		{D4DA10C4-78AD-4EB0-A587-FAA53708B144}.Release|Any CPU.ActiveCfg = Release|Any CPU
		{D4DA10C4-78AD-4EB0-A587-FAA53708B144}.Release|Any CPU.Build.0 = Release|Any CPU
	EndGlobalSection
	GlobalSection(SolutionProperties) = preSolution
		HideSolutionNode = FALSE
	EndGlobalSection
	GlobalSection(ExtensibilityGlobals) = postSolution
		SolutionGuid = {E63E940D-D324-4FD5-AB87-3C7F85A2F7D1}
	EndGlobalSection
EndGlobal
